# THIS IS AN AUTOGENERATED FILE. DO NOT EDIT THIS FILE DIRECTLY.
# yarn lockfile v1


"@types/estree@0.0.39":
  version "0.0.39"
  resolved "https://registry.npm.taobao.org/@types/estree/download/@types/estree-0.0.39.tgz#e177e699ee1b8c22d23174caaa7422644389509f"
  integrity sha1-4Xfmme4bjCLSMXTKqnQiZEOJUJ8=

"@types/node@^12.6.3":
  version "12.6.9"
  resolved "https://registry.npm.taobao.org/@types/node/download/@types/node-12.6.9.tgz#ffeee23afdc19ab16e979338e7b536fdebbbaeaf"
  integrity sha1-/+7iOv3BmrFul5M457U2/eu7rq8=

acorn@^6.2.0:
  version "6.2.1"
  resolved "https://registry.npm.taobao.org/acorn/download/acorn-6.2.1.tgz#3ed8422d6dec09e6121cc7a843ca86a330a86b51"
  integrity sha1-PthCLW3sCeYSHMeoQ8qGozCoa1E=

rollup@^1.18.0:
  version "1.18.0"
  resolved "https://registry.npm.taobao.org/rollup/download/rollup-1.18.0.tgz#98ea36472523ed712e20c0e996fd051882f787e6"
  integrity sha1-mOo2RyUj7XEuIMDplv0FGIL3h+Y=
  dependencies:
    "@types/estree" "0.0.39"
    "@types/node" "^12.6.3"
    acorn "^6.2.0"
